
Microsoft Visual Studio Solution File, Format Version 12.00
# Visual Studio Version 17
VisualStudioVersion = 17.13.35919.96
MinimumVisualStudioVersion = 10.0.40219.1
Project("{FAE04EC0-301F-11D3-BF4B-00C04F79EFBC}") = "WebViewKeyboardLauncher", "WebViewKeyboardLauncher\WebViewKeyboardLauncher.csproj", "{B4511B51-5F31-4BFC-B74F-87AC3684F51F}"
EndProject
Global
	GlobalSection(SolutionConfigurationPlatforms) = preSolution
		Debug|Any CPU = Debug|Any CPU
		Release|Any CPU = Release|Any CPU
	EndGlobalSection
	GlobalSection(ProjectConfigurationPlatforms) = postSolution
		{B4511B51-5F31-4BFC-B74F-87AC3684F51F}.Debug|Any CPU.ActiveCfg = Debug|Any CPU
		{B4511B51-5F31-4BFC-B74F-87AC3684F51F}.Debug|Any CPU.Build.0 = Debug|Any CPU
		{B4511B51-5F31-4BFC-B74F-87AC3684F51F}.Release|Any CPU.ActiveCfg = Release|Any CPU
		{B4511B51-5F31-4BFC-B74F-87AC3684F51F}.Release|Any CPU.Build.0 = Release|Any CPU
	EndGlobalSection
	GlobalSection(SolutionProperties) = preSolution
		HideSolutionNode = FALSE
	EndGlobalSection
	GlobalSection(ExtensibilityGlobals) = postSolution
		SolutionGuid = {9C5DBD43-4B53-4881-9EA3-87B12535E610}
	EndGlobalSection
EndGlobal
